// !$*UTF8*$!
{
	archiveVersion = 1;
	classes = {
	};
	objectVersion = 48;
	objects = {

/* Begin PBXBuildFile section */
		1D0F8BD7384E24673B352EF3 /* Pods_Weather.framework in Frameworks */ = {isa = PBXBuildFile; fileRef = 29D0847173CD99111FB887AD /* Pods_Weather.framework */; };
		3B1599F31FBB77F300A05398 /* AppDelegate.swift in Sources */ = {isa = PBXBuildFile; fileRef = 3B1599F21FBB77F300A05398 /* AppDelegate.swift */; };
		3B1599F81FBB77F300A05398 /* Main.storyboard in Resources */ = {isa = PBXBuildFile; fileRef = 3B1599F61FBB77F300A05398 /* Main.storyboard */; };
		3B1599FA1FBB77F300A05398 /* Assets.xcassets in Resources */ = {isa = PBXBuildFile; fileRef = 3B1599F91FBB77F300A05398 /* Assets.xcassets */; };
		3B1599FD1FBB77F300A05398 /* LaunchScreen.storyboard in Resources */ = {isa = PBXBuildFile; fileRef = 3B1599FB1FBB77F300A05398 /* LaunchScreen.storyboard */; };
		3B45CC671FBCF56200F0196F /* Constants.swift in Sources */ = {isa = PBXBuildFile; fileRef = 3B45CC661FBCF56200F0196F /* Constants.swift */; };
		3B45CC691FBCF59700F0196F /* WeatherAPI.swift in Sources */ = {isa = PBXBuildFile; fileRef = 3B45CC681FBCF59700F0196F /* WeatherAPI.swift */; };
		3B45CC701FBD03F100F0196F /* ListCitiesInteractor.swift in Sources */ = {isa = PBXBuildFile; fileRef = 3B45CC6A1FBD03F100F0196F /* ListCitiesInteractor.swift */; };
		3B45CC711FBD03F100F0196F /* ListCitiesModels.swift in Sources */ = {isa = PBXBuildFile; fileRef = 3B45CC6B1FBD03F100F0196F /* ListCitiesModels.swift */; };
		3B45CC721FBD03F100F0196F /* ListCitiesPresenter.swift in Sources */ = {isa = PBXBuildFile; fileRef = 3B45CC6C1FBD03F100F0196F /* ListCitiesPresenter.swift */; };
		3B45CC731FBD03F100F0196F /* ListCitiesRouter.swift in Sources */ = {isa = PBXBuildFile; fileRef = 3B45CC6D1FBD03F100F0196F /* ListCitiesRouter.swift */; };
		3B45CC741FBD03F100F0196F /* ListCitiesViewController.swift in Sources */ = {isa = PBXBuildFile; fileRef = 3B45CC6E1FBD03F100F0196F /* ListCitiesViewController.swift */; };
		3B45CC751FBD03F100F0196F /* ListCitiesWorker.swift in Sources */ = {isa = PBXBuildFile; fileRef = 3B45CC6F1FBD03F100F0196F /* ListCitiesWorker.swift */; };
		3B4DC0BF1FBDCCC30048A3FE /* Arvo-Bold.ttf in Resources */ = {isa = PBXBuildFile; fileRef = 3B4DC0BD1FBDCC270048A3FE /* Arvo-Bold.ttf */; };
		3B4DC0C01FBDCCC70048A3FE /* Arvo-BoldItalic.ttf in Resources */ = {isa = PBXBuildFile; fileRef = 3B4DC0BC1FBDCC270048A3FE /* Arvo-BoldItalic.ttf */; };
		3B4DC0C11FBDCCC70048A3FE /* Arvo-Italic.ttf in Resources */ = {isa = PBXBuildFile; fileRef = 3B4DC0BB1FBDCC260048A3FE /* Arvo-Italic.ttf */; };
		3B4DC0C21FBDCCC70048A3FE /* Arvo-Regular.ttf in Resources */ = {isa = PBXBuildFile; fileRef = 3B4DC0BE1FBDCC270048A3FE /* Arvo-Regular.ttf */; };
/* End PBXBuildFile section */

/* Begin PBXFileReference section */
		29D0847173CD99111FB887AD /* Pods_Weather.framework */ = {isa = PBXFileReference; explicitFileType = wrapper.framework; includeInIndex = 0; path = Pods_Weather.framework; sourceTree = BUILT_PRODUCTS_DIR; };
		3B1599EF1FBB77F300A05398 /* Weather.app */ = {isa = PBXFileReference; explicitFileType = wrapper.application; includeInIndex = 0; path = Weather.app; sourceTree = BUILT_PRODUCTS_DIR; };
		3B1599F21FBB77F300A05398 /* AppDelegate.swift */ = {isa = PBXFileReference; lastKnownFileType = sourcecode.swift; path = AppDelegate.swift; sourceTree = "<group>"; };
		3B1599F71FBB77F300A05398 /* Base */ = {isa = PBXFileReference; lastKnownFileType = file.storyboard; name = Base; path = Base.lproj/Main.storyboard; sourceTree = "<group>"; };
		3B1599F91FBB77F300A05398 /* Assets.xcassets */ = {isa = PBXFileReference; lastKnownFileType = folder.assetcatalog; path = Assets.xcassets; sourceTree = "<group>"; };
		3B1599FC1FBB77F300A05398 /* Base */ = {isa = PBXFileReference; lastKnownFileType = file.storyboard; name = Base; path = Base.lproj/LaunchScreen.storyboard; sourceTree = "<group>"; };
		3B1599FE1FBB77F300A05398 /* Info.plist */ = {isa = PBXFileReference; lastKnownFileType = text.plist.xml; path = Info.plist; sourceTree = "<group>"; };
		3B45CC661FBCF56200F0196F /* Constants.swift */ = {isa = PBXFileReference; lastKnownFileType = sourcecode.swift; path = Constants.swift; sourceTree = "<group>"; };
		3B45CC681FBCF59700F0196F /* WeatherAPI.swift */ = {isa = PBXFileReference; lastKnownFileType = sourcecode.swift; path = WeatherAPI.swift; sourceTree = "<group>"; };
		3B45CC6A1FBD03F100F0196F /* ListCitiesInteractor.swift */ = {isa = PBXFileReference; lastKnownFileType = sourcecode.swift; path = ListCitiesInteractor.swift; sourceTree = "<group>"; };
		3B45CC6B1FBD03F100F0196F /* ListCitiesModels.swift */ = {isa = PBXFileReference; lastKnownFileType = sourcecode.swift; path = ListCitiesModels.swift; sourceTree = "<group>"; };
		3B45CC6C1FBD03F100F0196F /* ListCitiesPresenter.swift */ = {isa = PBXFileReference; lastKnownFileType = sourcecode.swift; path = ListCitiesPresenter.swift; sourceTree = "<group>"; };
		3B45CC6D1FBD03F100F0196F /* ListCitiesRouter.swift */ = {isa = PBXFileReference; lastKnownFileType = sourcecode.swift; path = ListCitiesRouter.swift; sourceTree = "<group>"; };
		3B45CC6E1FBD03F100F0196F /* ListCitiesViewController.swift */ = {isa = PBXFileReference; lastKnownFileType = sourcecode.swift; path = ListCitiesViewController.swift; sourceTree = "<group>"; };
		3B45CC6F1FBD03F100F0196F /* ListCitiesWorker.swift */ = {isa = PBXFileReference; lastKnownFileType = sourcecode.swift; path = ListCitiesWorker.swift; sourceTree = "<group>"; };
		3B4DC0BB1FBDCC260048A3FE /* Arvo-Italic.ttf */ = {isa = PBXFileReference; lastKnownFileType = file; path = "Arvo-Italic.ttf"; sourceTree = "<group>"; };
		3B4DC0BC1FBDCC270048A3FE /* Arvo-BoldItalic.ttf */ = {isa = PBXFileReference; lastKnownFileType = file; path = "Arvo-BoldItalic.ttf"; sourceTree = "<group>"; };
		3B4DC0BD1FBDCC270048A3FE /* Arvo-Bold.ttf */ = {isa = PBXFileReference; lastKnownFileType = file; path = "Arvo-Bold.ttf"; sourceTree = "<group>"; };
		3B4DC0BE1FBDCC270048A3FE /* Arvo-Regular.ttf */ = {isa = PBXFileReference; lastKnownFileType = file; path = "Arvo-Regular.ttf"; sourceTree = "<group>"; };
		5979267E67B7D2541EF712D4 /* Pods-Weather.release.xcconfig */ = {isa = PBXFileReference; includeInIndex = 1; lastKnownFileType = text.xcconfig; name = "Pods-Weather.release.xcconfig"; path = "Pods/Target Support Files/Pods-Weather/Pods-Weather.release.xcconfig"; sourceTree = "<group>"; };
		E8335B79455892D063D635C7 /* Pods-Weather.debug.xcconfig */ = {isa = PBXFileReference; includeInIndex = 1; lastKnownFileType = text.xcconfig; name = "Pods-Weather.debug.xcconfig"; path = "Pods/Target Support Files/Pods-Weather/Pods-Weather.debug.xcconfig"; sourceTree = "<group>"; };
/* End PBXFileReference section */

/* Begin PBXFrameworksBuildPhase section */
		3B1599EC1FBB77F300A05398 /* Frameworks */ = {
			isa = PBXFrameworksBuildPhase;
			buildActionMask = 2147483647;
			files = (
				1D0F8BD7384E24673B352EF3 /* Pods_Weather.framework in Frameworks */,
			);
			runOnlyForDeploymentPostprocessing = 0;
		};
/* End PBXFrameworksBuildPhase section */

/* Begin PBXGroup section */
		3B1599E61FBB77F300A05398 = {
			isa = PBXGroup;
			children = (
				3B1599F11FBB77F300A05398 /* Weather */,
				3B1599F01FBB77F300A05398 /* Products */,
				55B4DBB8E3A5F8744D3E687B /* Pods */,
				77E3A4B70E22C49EAA79854C /* Frameworks */,
			);
			sourceTree = "<group>";
		};
		3B1599F01FBB77F300A05398 /* Products */ = {
			isa = PBXGroup;
			children = (
				3B1599EF1FBB77F300A05398 /* Weather.app */,
			);
			name = Products;
			sourceTree = "<group>";
		};
		3B1599F11FBB77F300A05398 /* Weather */ = {
			isa = PBXGroup;
			children = (
				3B4DC0B91FBDCBFE0048A3FE /* Resources */,
				3B45CC641FBCF54800F0196F /* Common */,
				3B159A041FBB789700A05398 /* Scenes */,
				3B1599F21FBB77F300A05398 /* AppDelegate.swift */,
				3B1599F61FBB77F300A05398 /* Main.storyboard */,
				3B1599F91FBB77F300A05398 /* Assets.xcassets */,
				3B1599FB1FBB77F300A05398 /* LaunchScreen.storyboard */,
				3B1599FE1FBB77F300A05398 /* Info.plist */,
			);
			path = Weather;
			sourceTree = "<group>";
		};
		3B159A041FBB789700A05398 /* Scenes */ = {
			isa = PBXGroup;
			children = (
				3B159A051FBB803300A05398 /* ListCities */,
			);
			path = Scenes;
			sourceTree = "<group>";
		};
		3B159A051FBB803300A05398 /* ListCities */ = {
			isa = PBXGroup;
			children = (
				3B45CC6A1FBD03F100F0196F /* ListCitiesInteractor.swift */,
				3B45CC6B1FBD03F100F0196F /* ListCitiesModels.swift */,
				3B45CC6C1FBD03F100F0196F /* ListCitiesPresenter.swift */,
				3B45CC6D1FBD03F100F0196F /* ListCitiesRouter.swift */,
				3B45CC6E1FBD03F100F0196F /* ListCitiesViewController.swift */,
				3B45CC6F1FBD03F100F0196F /* ListCitiesWorker.swift */,
			);
			path = ListCities;
			sourceTree = "<group>";
		};
		3B45CC641FBCF54800F0196F /* Common */ = {
			isa = PBXGroup;
			children = (
				3B45CC651FBCF54F00F0196F /* Services */,
				3B45CC661FBCF56200F0196F /* Constants.swift */,
			);
			path = Common;
			sourceTree = "<group>";
		};
		3B45CC651FBCF54F00F0196F /* Services */ = {
			isa = PBXGroup;
			children = (
				3B45CC681FBCF59700F0196F /* WeatherAPI.swift */,
			);
			path = Services;
			sourceTree = "<group>";
		};
		3B4DC0B91FBDCBFE0048A3FE /* Resources */ = {
			isa = PBXGroup;
			children = (
				3B4DC0BA1FBDCC160048A3FE /* Fonts */,
			);
			path = Resources;
			sourceTree = "<group>";
		};
		3B4DC0BA1FBDCC160048A3FE /* Fonts */ = {
			isa = PBXGroup;
			children = (
				3B4DC0BD1FBDCC270048A3FE /* Arvo-Bold.ttf */,
				3B4DC0BC1FBDCC270048A3FE /* Arvo-BoldItalic.ttf */,
				3B4DC0BB1FBDCC260048A3FE /* Arvo-Italic.ttf */,
				3B4DC0BE1FBDCC270048A3FE /* Arvo-Regular.ttf */,
			);
			path = Fonts;
			sourceTree = "<group>";
		};
		55B4DBB8E3A5F8744D3E687B /* Pods */ = {
			isa = PBXGroup;
			children = (
				E8335B79455892D063D635C7 /* Pods-Weather.debug.xcconfig */,
				5979267E67B7D2541EF712D4 /* Pods-Weather.release.xcconfig */,
			);
			name = Pods;
			sourceTree = "<group>";
		};
		77E3A4B70E22C49EAA79854C /* Frameworks */ = {
			isa = PBXGroup;
			children = (
				29D0847173CD99111FB887AD /* Pods_Weather.framework */,
			);
			name = Frameworks;
			sourceTree = "<group>";
		};
/* End PBXGroup section */

/* Begin PBXNativeTarget section */
		3B1599EE1FBB77F300A05398 /* Weather */ = {
			isa = PBXNativeTarget;
			buildConfigurationList = 3B159A011FBB77F300A05398 /* Build configuration list for PBXNativeTarget "Weather" */;
			buildPhases = (
				D590778073D98001FD2FE590 /* [CP] Check Pods Manifest.lock */,
				3B1599EB1FBB77F300A05398 /* Sources */,
				3B1599EC1FBB77F300A05398 /* Frameworks */,
				3B1599ED1FBB77F300A05398 /* Resources */,
				FB546E76F3153D8FA1B77C5B /* [CP] Embed Pods Frameworks */,
				81AC1268F1631A40FCDDF3AF /* [CP] Copy Pods Resources */,
			);
			buildRules = (
			);
			dependencies = (
			);
			name = Weather;
			productName = Weather;
			productReference = 3B1599EF1FBB77F300A05398 /* Weather.app */;
			productType = "com.apple.product-type.application";
		};
/* End PBXNativeTarget section */

/* Begin PBXProject section */
		3B1599E71FBB77F300A05398 /* Project object */ = {
			isa = PBXProject;
			attributes = {
				LastSwiftUpdateCheck = 0900;
				LastUpgradeCheck = 0900;
				ORGANIZATIONNAME = jjsoft;
				TargetAttributes = {
					3B1599EE1FBB77F300A05398 = {
						CreatedOnToolsVersion = 9.0;
						ProvisioningStyle = Automatic;
					};
				};
			};
			buildConfigurationList = 3B1599EA1FBB77F300A05398 /* Build configuration list for PBXProject "Weather" */;
			compatibilityVersion = "Xcode 8.0";
			developmentRegion = en;
			hasScannedForEncodings = 0;
			knownRegions = (
				en,
				Base,
			);
			mainGroup = 3B1599E61FBB77F300A05398;
			productRefGroup = 3B1599F01FBB77F300A05398 /* Products */;
			projectDirPath = "";
			projectRoot = "";
			targets = (
				3B1599EE1FBB77F300A05398 /* Weather */,
			);
		};
/* End PBXProject section */

/* Begin PBXResourcesBuildPhase section */
		3B1599ED1FBB77F300A05398 /* Resources */ = {
			isa = PBXResourcesBuildPhase;
			buildActionMask = 2147483647;
			files = (
				3B1599FD1FBB77F300A05398 /* LaunchScreen.storyboard in Resources */,
				3B1599FA1FBB77F300A05398 /* Assets.xcassets in Resources */,
				3B4DC0C11FBDCCC70048A3FE /* Arvo-Italic.ttf in Resources */,
				3B4DC0C21FBDCCC70048A3FE /* Arvo-Regular.ttf in Resources */,
				3B1599F81FBB77F300A05398 /* Main.storyboard in Resources */,
				3B4DC0C01FBDCCC70048A3FE /* Arvo-BoldItalic.ttf in Resources */,
				3B4DC0BF1FBDCCC30048A3FE /* Arvo-Bold.ttf in Resources */,
			);
			runOnlyForDeploymentPostprocessing = 0;
		};
/* End PBXResourcesBuildPhase section */

/* Begin PBXShellScriptBuildPhase section */
		81AC1268F1631A40FCDDF3AF /* [CP] Copy Pods Resources */ = {
			isa = PBXShellScriptBuildPhase;
			buildActionMask = 2147483647;
			files = (
			);
			inputPaths = (
			);
			name = "[CP] Copy Pods Resources";
			outputPaths = (
			);
			runOnlyForDeploymentPostprocessing = 0;
			shellPath = /bin/sh;
			shellScript = "\"${SRCROOT}/Pods/Target Support Files/Pods-Weather/Pods-Weather-resources.sh\"\n";
			showEnvVarsInLog = 0;
		};
		D590778073D98001FD2FE590 /* [CP] Check Pods Manifest.lock */ = {
			isa = PBXShellScriptBuildPhase;
			buildActionMask = 2147483647;
			files = (
			);
			inputPaths = (
				"${PODS_PODFILE_DIR_PATH}/Podfile.lock",
				"${PODS_ROOT}/Manifest.lock",
			);
			name = "[CP] Check Pods Manifest.lock";
			outputPaths = (
				"$(DERIVED_FILE_DIR)/Pods-Weather-checkManifestLockResult.txt",
			);
			runOnlyForDeploymentPostprocessing = 0;
			shellPath = /bin/sh;
			shellScript = "diff \"${PODS_PODFILE_DIR_PATH}/Podfile.lock\" \"${PODS_ROOT}/Manifest.lock\" > /dev/null\nif [ $? != 0 ] ; then\n    # print error to STDERR\n    echo \"error: The sandbox is not in sync with the Podfile.lock. Run 'pod install' or update your CocoaPods installation.\" >&2\n    exit 1\nfi\n# This output is used by Xcode 'outputs' to avoid re-running this script phase.\necho \"SUCCESS\" > \"${SCRIPT_OUTPUT_FILE_0}\"\n";
			showEnvVarsInLog = 0;
		};
		FB546E76F3153D8FA1B77C5B /* [CP] Embed Pods Frameworks */ = {
			isa = PBXShellScriptBuildPhase;
			buildActionMask = 2147483647;
			files = (
			);
			inputPaths = (
				"${SRCROOT}/Pods/Target Support Files/Pods-Weather/Pods-Weather-frameworks.sh",
				"${BUILT_PRODUCTS_DIR}/Alamofire/Alamofire.framework",
			);
			name = "[CP] Embed Pods Frameworks";
			outputPaths = (
				"${TARGET_BUILD_DIR}/${FRAMEWORKS_FOLDER_PATH}/Alamofire.framework",
			);
			runOnlyForDeploymentPostprocessing = 0;
			shellPath = /bin/sh;
			shellScript = "\"${SRCROOT}/Pods/Target Support Files/Pods-Weather/Pods-Weather-frameworks.sh\"\n";
			showEnvVarsInLog = 0;
		};
/* End PBXShellScriptBuildPhase section */

/* Begin PBXSourcesBuildPhase section */
		3B1599EB1FBB77F300A05398 /* Sources */ = {
			isa = PBXSourcesBuildPhase;
			buildActionMask = 2147483647;
			files = (
				3B45CC711FBD03F100F0196F /* ListCitiesModels.swift in Sources */,
				3B45CC691FBCF59700F0196F /* WeatherAPI.swift in Sources */,
				3B45CC701FBD03F100F0196F /* ListCitiesInteractor.swift in Sources */,
				3B1599F31FBB77F300A05398 /* AppDelegate.swift in Sources */,
				3B45CC721FBD03F100F0196F /* ListCitiesPresenter.swift in Sources */,
				3B45CC751FBD03F100F0196F /* ListCitiesWorker.swift in Sources */,
				3B45CC671FBCF56200F0196F /* Constants.swift in Sources */,
				3B45CC731FBD03F100F0196F /* ListCitiesRouter.swift in Sources */,
				3B45CC741FBD03F100F0196F /* ListCitiesViewController.swift in Sources */,
			);
			runOnlyForDeploymentPostprocessing = 0;
		};
/* End PBXSourcesBuildPhase section */

/* Begin PBXVariantGroup section */
		3B1599F61FBB77F300A05398 /* Main.storyboard */ = {
			isa = PBXVariantGroup;
			children = (
				3B1599F71FBB77F300A05398 /* Base */,
			);
			name = Main.storyboard;
			sourceTree = "<group>";
		};
		3B1599FB1FBB77F300A05398 /* LaunchScreen.storyboard */ = {
			isa = PBXVariantGroup;
			children = (
				3B1599FC1FBB77F300A05398 /* Base */,
			);
			name = LaunchScreen.storyboard;
			sourceTree = "<group>";
		};
/* End PBXVariantGroup section */

/* Begin XCBuildConfiguration section */
		3B1599FF1FBB77F300A05398 /* Debug */ = {
			isa = XCBuildConfiguration;
			buildSettings = {
				ALWAYS_SEARCH_USER_PATHS = NO;
				CLANG_ANALYZER_NONNULL = YES;
				CLANG_ANALYZER_NUMBER_OBJECT_CONVERSION = YES_AGGRESSIVE;
				CLANG_CXX_LANGUAGE_STANDARD = "gnu++14";
				CLANG_CXX_LIBRARY = "libc++";
				CLANG_ENABLE_MODULES = YES;
				CLANG_ENABLE_OBJC_ARC = YES;
				CLANG_WARN_BLOCK_CAPTURE_AUTORELEASING = YES;
				CLANG_WARN_BOOL_CONVERSION = YES;
				CLANG_WARN_COMMA = YES;
				CLANG_WARN_CONSTANT_CONVERSION = YES;
				CLANG_WARN_DIRECT_OBJC_ISA_USAGE = YES_ERROR;
				CLANG_WARN_DOCUMENTATION_COMMENTS = YES;
				CLANG_WARN_EMPTY_BODY = YES;
				CLANG_WARN_ENUM_CONVERSION = YES;
				CLANG_WARN_INFINITE_RECURSION = YES;
				CLANG_WARN_INT_CONVERSION = YES;
				CLANG_WARN_NON_LITERAL_NULL_CONVERSION = YES;
				CLANG_WARN_OBJC_LITERAL_CONVERSION = YES;
				CLANG_WARN_OBJC_ROOT_CLASS = YES_ERROR;
				CLANG_WARN_RANGE_LOOP_ANALYSIS = YES;
				CLANG_WARN_STRICT_PROTOTYPES = YES;
				CLANG_WARN_SUSPICIOUS_MOVE = YES;
				CLANG_WARN_UNGUARDED_AVAILABILITY = YES_AGGRESSIVE;
				CLANG_WARN_UNREACHABLE_CODE = YES;
				CLANG_WARN__DUPLICATE_METHOD_MATCH = YES;
				CODE_SIGN_IDENTITY = "iPhone Developer";
				COPY_PHASE_STRIP = NO;
				DEBUG_INFORMATION_FORMAT = dwarf;
				ENABLE_STRICT_OBJC_MSGSEND = YES;
				ENABLE_TESTABILITY = YES;
				GCC_C_LANGUAGE_STANDARD = gnu11;
				GCC_DYNAMIC_NO_PIC = NO;
				GCC_NO_COMMON_BLOCKS = YES;
				GCC_OPTIMIZATION_LEVEL = 0;
				GCC_PREPROCESSOR_DEFINITIONS = (
					"DEBUG=1",
					"$(inherited)",
				);
				GCC_WARN_64_TO_32_BIT_CONVERSION = YES;
				GCC_WARN_ABOUT_RETURN_TYPE = YES_ERROR;
				GCC_WARN_UNDECLARED_SELECTOR = YES;
				GCC_WARN_UNINITIALIZED_AUTOS = YES_AGGRESSIVE;
				GCC_WARN_UNUSED_FUNCTION = YES;
				GCC_WARN_UNUSED_VARIABLE = YES;
				IPHONEOS_DEPLOYMENT_TARGET = 11.0;
				MTL_ENABLE_DEBUG_INFO = YES;
				ONLY_ACTIVE_ARCH = YES;
				SDKROOT = iphoneos;
				SWIFT_ACTIVE_COMPILATION_CONDITIONS = DEBUG;
				SWIFT_OPTIMIZATION_LEVEL = "-Onone";
			};
			name = Debug;
		};
		3B159A001FBB77F300A05398 /* Release */ = {
			isa = XCBuildConfiguration;
			buildSettings = {
				ALWAYS_SEARCH_USER_PATHS = NO;
				CLANG_ANALYZER_NONNULL = YES;
				CLANG_ANALYZER_NUMBER_OBJECT_CONVERSION = YES_AGGRESSIVE;
				CLANG_CXX_LANGUAGE_STANDARD = "gnu++14";
				CLANG_CXX_LIBRARY = "libc++";
				CLANG_ENABLE_MODULES = YES;
				CLANG_ENABLE_OBJC_ARC = YES;
				CLANG_WARN_BLOCK_CAPTURE_AUTORELEASING = YES;
				CLANG_WARN_BOOL_CONVERSION = YES;
				CLANG_WARN_COMMA = YES;
				CLANG_WARN_CONSTANT_CONVERSION = YES;
				CLANG_WARN_DIRECT_OBJC_ISA_USAGE = YES_ERROR;
				CLANG_WARN_DOCUMENTATION_COMMENTS = YES;
				CLANG_WARN_EMPTY_BODY = YES;
				CLANG_WARN_ENUM_CONVERSION = YES;
				CLANG_WARN_INFINITE_RECURSION = YES;
				CLANG_WARN_INT_CONVERSION = YES;
				CLANG_WARN_NON_LITERAL_NULL_CONVERSION = YES;
				CLANG_WARN_OBJC_LITERAL_CONVERSION = YES;
				CLANG_WARN_OBJC_ROOT_CLASS = YES_ERROR;
				CLANG_WARN_RANGE_LOOP_ANALYSIS = YES;
				CLANG_WARN_STRICT_PROTOTYPES = YES;
				CLANG_WARN_SUSPICIOUS_MOVE = YES;
				CLANG_WARN_UNGUARDED_AVAILABILITY = YES_AGGRESSIVE;
				CLANG_WARN_UNREACHABLE_CODE = YES;
				CLANG_WARN__DUPLICATE_METHOD_MATCH = YES;
				CODE_SIGN_IDENTITY = "iPhone Developer";
				COPY_PHASE_STRIP = NO;
				DEBUG_INFORMATION_FORMAT = "dwarf-with-dsym";
				ENABLE_NS_ASSERTIONS = NO;
				ENABLE_STRICT_OBJC_MSGSEND = YES;
				GCC_C_LANGUAGE_STANDARD = gnu11;
				GCC_NO_COMMON_BLOCKS = YES;
				GCC_WARN_64_TO_32_BIT_CONVERSION = YES;
				GCC_WARN_ABOUT_RETURN_TYPE = YES_ERROR;
				GCC_WARN_UNDECLARED_SELECTOR = YES;
				GCC_WARN_UNINITIALIZED_AUTOS = YES_AGGRESSIVE;
				GCC_WARN_UNUSED_FUNCTION = YES;
				GCC_WARN_UNUSED_VARIABLE = YES;
				IPHONEOS_DEPLOYMENT_TARGET = 11.0;
				MTL_ENABLE_DEBUG_INFO = NO;
				SDKROOT = iphoneos;
				SWIFT_OPTIMIZATION_LEVEL = "-Owholemodule";
				VALIDATE_PRODUCT = YES;
			};
			name = Release;
		};
		3B159A021FBB77F300A05398 /* Debug */ = {
			isa = XCBuildConfiguration;
			baseConfigurationReference = E8335B79455892D063D635C7 /* Pods-Weather.debug.xcconfig */;
			buildSettings = {
				ASSETCATALOG_COMPILER_APPICON_NAME = AppIcon;
				CODE_SIGN_STYLE = Automatic;
				DEVELOPMENT_TEAM = CRH88435JN;
				INFOPLIST_FILE = Weather/Info.plist;
				IPHONEOS_DEPLOYMENT_TARGET = 10.0;
				LD_RUNPATH_SEARCH_PATHS = "$(inherited) @executable_path/Frameworks";
				PRODUCT_BUNDLE_IDENTIFIER = com.jjsoft.Weather;
				PRODUCT_NAME = "$(TARGET_NAME)";
				SWIFT_VERSION = 4.0;
				TARGETED_DEVICE_FAMILY = "1,2";
			};
			name = Debug;
		};
		3B159A031FBB77F300A05398 /* Release */ = {
			isa = XCBuildConfiguration;
			baseConfigurationReference = 5979267E67B7D2541EF712D4 /* Pods-Weather.release.xcconfig */;
			buildSettings = {
				ASSETCATALOG_COMPILER_APPICON_NAME = AppIcon;
				CODE_SIGN_STYLE = Automatic;
				DEVELOPMENT_TEAM = CRH88435JN;
				INFOPLIST_FILE = Weather/Info.plist;
				IPHONEOS_DEPLOYMENT_TARGET = 10.0;
				LD_RUNPATH_SEARCH_PATHS = "$(inherited) @executable_path/Frameworks";
				PRODUCT_BUNDLE_IDENTIFIER = com.jjsoft.Weather;
				PRODUCT_NAME = "$(TARGET_NAME)";
				SWIFT_VERSION = 4.0;
				TARGETED_DEVICE_FAMILY = "1,2";
			};
			name = Release;
		};
/* End XCBuildConfiguration section */

/* Begin XCConfigurationList section */
		3B1599EA1FBB77F300A05398 /* Build configuration list for PBXProject "Weather" */ = {
			isa = XCConfigurationList;
			buildConfigurations = (
				3B1599FF1FBB77F300A05398 /* Debug */,
				3B159A001FBB77F300A05398 /* Release */,
			);
			defaultConfigurationIsVisible = 0;
			defaultConfigurationName = Release;
		};
		3B159A011FBB77F300A05398 /* Build configuration list for PBXNativeTarget "Weather" */ = {
			isa = XCConfigurationList;
			buildConfigurations = (
				3B159A021FBB77F300A05398 /* Debug */,
				3B159A031FBB77F300A05398 /* Release */,
			);
			defaultConfigurationIsVisible = 0;
			defaultConfigurationName = Release;
		};
/* End XCConfigurationList section */
	};
	rootObject = 3B1599E71FBB77F300A05398 /* Project object */;
}
